// !$*UTF8*$!
{
	archiveVersion = 1;
	classes = {
	};
	objectVersion = 46;
	objects = {

/* Begin PBXBuildFile section */
		270A248D141220590073405C /* CoreMIDI.framework in Frameworks */ = {isa = PBXBuildFile; fileRef = 270A248C141220590073405C /* CoreMIDI.framework */; };
		BBAB23CB13894F3D00AA2426 /* GLUT.framework in CopyFiles */ = {isa = PBXBuildFile; fileRef = BBAB23BE13894E4700AA2426 /* GLUT.framework */; };
		DF52530F15E52F2D002AA771 /* ofxBaseMidi.cpp in Sources */ = {isa = PBXBuildFile; fileRef = DF52530315E52F2D002AA771 /* ofxBaseMidi.cpp */; };
		DF52531015E52F2D002AA771 /* ofxMidi.cpp in Sources */ = {isa = PBXBuildFile; fileRef = DF52530515E52F2D002AA771 /* ofxMidi.cpp */; };
		DF52531115E52F2D002AA771 /* ofxMidiIn.cpp in Sources */ = {isa = PBXBuildFile; fileRef = DF52530815E52F2D002AA771 /* ofxMidiIn.cpp */; };
		DF52531215E52F2D002AA771 /* ofxMidiMessage.cpp in Sources */ = {isa = PBXBuildFile; fileRef = DF52530A15E52F2D002AA771 /* ofxMidiMessage.cpp */; };
		DF52531315E52F2D002AA771 /* ofxMidiOut.cpp in Sources */ = {isa = PBXBuildFile; fileRef = DF52530C15E52F2D002AA771 /* ofxMidiOut.cpp */; };
		DF52531815E52F56002AA771 /* tinyxml.cpp in Sources */ = {isa = PBXBuildFile; fileRef = DF52531415E52F56002AA771 /* tinyxml.cpp */; };
		DF52531915E52F56002AA771 /* tinyxmlerror.cpp in Sources */ = {isa = PBXBuildFile; fileRef = DF52531615E52F56002AA771 /* tinyxmlerror.cpp */; };
		DF52531A15E52F56002AA771 /* tinyxmlparser.cpp in Sources */ = {isa = PBXBuildFile; fileRef = DF52531715E52F56002AA771 /* tinyxmlparser.cpp */; };
		DF52534615E52F69002AA771 /* ofxDirList.cpp in Sources */ = {isa = PBXBuildFile; fileRef = DF52531B15E52F69002AA771 /* ofxDirList.cpp */; };
		DF52534715E52F69002AA771 /* ofxXmlSettings.cpp in Sources */ = {isa = PBXBuildFile; fileRef = DF52534415E52F69002AA771 /* ofxXmlSettings.cpp */; };
		DF52535215E53090002AA771 /* ofxRtMidiIn.cpp in Sources */ = {isa = PBXBuildFile; fileRef = DF52534915E53090002AA771 /* ofxRtMidiIn.cpp */; };
		DF52535315E53090002AA771 /* ofxRtMidiOut.cpp in Sources */ = {isa = PBXBuildFile; fileRef = DF52534B15E53090002AA771 /* ofxRtMidiOut.cpp */; };
		DF52535415E53090002AA771 /* RtMidi.cpp in Sources */ = {isa = PBXBuildFile; fileRef = DF52535015E53090002AA771 /* RtMidi.cpp */; };
		DF82663B15E6381D0000CBBE /* ofxTextBlock.cpp in Sources */ = {isa = PBXBuildFile; fileRef = DF82663815E6381D0000CBBE /* ofxTextBlock.cpp */; };
		DFB1DED615ED1DF3005FC3C1 /* ofxTCPClient.cpp in Sources */ = {isa = PBXBuildFile; fileRef = DFB1DECE15ED1DF3005FC3C1 /* ofxTCPClient.cpp */; };
		DFB1DED715ED1DF3005FC3C1 /* ofxTCPManager.cpp in Sources */ = {isa = PBXBuildFile; fileRef = DFB1DED015ED1DF3005FC3C1 /* ofxTCPManager.cpp */; };
		DFB1DED815ED1DF3005FC3C1 /* ofxTCPServer.cpp in Sources */ = {isa = PBXBuildFile; fileRef = DFB1DED215ED1DF3005FC3C1 /* ofxTCPServer.cpp */; };
		DFB1DED915ED1DF3005FC3C1 /* ofxUDPManager.cpp in Sources */ = {isa = PBXBuildFile; fileRef = DFB1DED415ED1DF3005FC3C1 /* ofxUDPManager.cpp */; };
		E4328149138ABC9F0047C5CB /* openFrameworksDebug.a in Frameworks */ = {isa = PBXBuildFile; fileRef = E4328148138ABC890047C5CB /* openFrameworksDebug.a */; };
		E45BE97B0E8CC7DD009D7055 /* AGL.framework in Frameworks */ = {isa = PBXBuildFile; fileRef = E45BE9710E8CC7DD009D7055 /* AGL.framework */; };
		E45BE97C0E8CC7DD009D7055 /* ApplicationServices.framework in Frameworks */ = {isa = PBXBuildFile; fileRef = E45BE9720E8CC7DD009D7055 /* ApplicationServices.framework */; };
		E45BE97D0E8CC7DD009D7055 /* AudioToolbox.framework in Frameworks */ = {isa = PBXBuildFile; fileRef = E45BE9730E8CC7DD009D7055 /* AudioToolbox.framework */; };
		E45BE97E0E8CC7DD009D7055 /* Carbon.framework in Frameworks */ = {isa = PBXBuildFile; fileRef = E45BE9740E8CC7DD009D7055 /* Carbon.framework */; };
		E45BE97F0E8CC7DD009D7055 /* CoreAudio.framework in Frameworks */ = {isa = PBXBuildFile; fileRef = E45BE9750E8CC7DD009D7055 /* CoreAudio.framework */; };
		E45BE9800E8CC7DD009D7055 /* CoreFoundation.framework in Frameworks */ = {isa = PBXBuildFile; fileRef = E45BE9760E8CC7DD009D7055 /* CoreFoundation.framework */; };
		E45BE9810E8CC7DD009D7055 /* CoreServices.framework in Frameworks */ = {isa = PBXBuildFile; fileRef = E45BE9770E8CC7DD009D7055 /* CoreServices.framework */; };
		E45BE9830E8CC7DD009D7055 /* OpenGL.framework in Frameworks */ = {isa = PBXBuildFile; fileRef = E45BE9790E8CC7DD009D7055 /* OpenGL.framework */; };
		E45BE9840E8CC7DD009D7055 /* QuickTime.framework in Frameworks */ = {isa = PBXBuildFile; fileRef = E45BE97A0E8CC7DD009D7055 /* QuickTime.framework */; };
		E4B69E200A3A1BDC003C02F2 /* main.cpp in Sources */ = {isa = PBXBuildFile; fileRef = E4B69E1D0A3A1BDC003C02F2 /* main.cpp */; };
		E4B69E210A3A1BDC003C02F2 /* testApp.cpp in Sources */ = {isa = PBXBuildFile; fileRef = E4B69E1E0A3A1BDC003C02F2 /* testApp.cpp */; };
		E4C2424710CC5A17004149E2 /* AppKit.framework in Frameworks */ = {isa = PBXBuildFile; fileRef = E4C2424410CC5A17004149E2 /* AppKit.framework */; };
		E4C2424810CC5A17004149E2 /* Cocoa.framework in Frameworks */ = {isa = PBXBuildFile; fileRef = E4C2424510CC5A17004149E2 /* Cocoa.framework */; };
		E4C2424910CC5A17004149E2 /* IOKit.framework in Frameworks */ = {isa = PBXBuildFile; fileRef = E4C2424610CC5A17004149E2 /* IOKit.framework */; };
		E4EB6799138ADC1D00A09F29 /* GLUT.framework in Frameworks */ = {isa = PBXBuildFile; fileRef = BBAB23BE13894E4700AA2426 /* GLUT.framework */; };
/* End PBXBuildFile section */

/* Begin PBXContainerItemProxy section */
		E4328147138ABC890047C5CB /* PBXContainerItemProxy */ = {
			isa = PBXContainerItemProxy;
			containerPortal = E4328143138ABC890047C5CB /* openFrameworksLib.xcodeproj */;
			proxyType = 2;
			remoteGlobalIDString = E4B27C1510CBEB8E00536013;
			remoteInfo = openFrameworks;
		};
		E4EEB9AB138B136A00A80321 /* PBXContainerItemProxy */ = {
			isa = PBXContainerItemProxy;
			containerPortal = E4328143138ABC890047C5CB /* openFrameworksLib.xcodeproj */;
			proxyType = 1;
			remoteGlobalIDString = E4B27C1410CBEB8E00536013;
			remoteInfo = openFrameworks;
		};
/* End PBXContainerItemProxy section */

/* Begin PBXCopyFilesBuildPhase section */
		E4C2427710CC5ABF004149E2 /* CopyFiles */ = {
			isa = PBXCopyFilesBuildPhase;
			buildActionMask = 2147483647;
			dstPath = "";
			dstSubfolderSpec = 10;
			files = (
				BBAB23CB13894F3D00AA2426 /* GLUT.framework in CopyFiles */,
			);
			runOnlyForDeploymentPostprocessing = 0;
		};
/* End PBXCopyFilesBuildPhase section */

/* Begin PBXFileReference section */
		270A248C141220590073405C /* CoreMIDI.framework */ = {isa = PBXFileReference; lastKnownFileType = wrapper.framework; name = CoreMIDI.framework; path = /System/Library/Frameworks/CoreMIDI.framework; sourceTree = "<absolute>"; };
		BBAB23BE13894E4700AA2426 /* GLUT.framework */ = {isa = PBXFileReference; lastKnownFileType = wrapper.framework; name = GLUT.framework; path = ../../../libs/glut/lib/osx/GLUT.framework; sourceTree = "<group>"; };
		DF52530315E52F2D002AA771 /* ofxBaseMidi.cpp */ = {isa = PBXFileReference; fileEncoding = 4; lastKnownFileType = sourcecode.cpp.cpp; name = ofxBaseMidi.cpp; path = addons/ofxMidi/ofxBaseMidi.cpp; sourceTree = "<group>"; };
		DF52530415E52F2D002AA771 /* ofxBaseMidi.h */ = {isa = PBXFileReference; fileEncoding = 4; lastKnownFileType = sourcecode.c.h; name = ofxBaseMidi.h; path = addons/ofxMidi/ofxBaseMidi.h; sourceTree = "<group>"; };
		DF52530515E52F2D002AA771 /* ofxMidi.cpp */ = {isa = PBXFileReference; fileEncoding = 4; lastKnownFileType = sourcecode.cpp.cpp; name = ofxMidi.cpp; path = addons/ofxMidi/ofxMidi.cpp; sourceTree = "<group>"; };
		DF52530615E52F2D002AA771 /* ofxMidi.h */ = {isa = PBXFileReference; fileEncoding = 4; lastKnownFileType = sourcecode.c.h; name = ofxMidi.h; path = addons/ofxMidi/ofxMidi.h; sourceTree = "<group>"; };
		DF52530715E52F2D002AA771 /* ofxMidiConstants.h */ = {isa = PBXFileReference; fileEncoding = 4; lastKnownFileType = sourcecode.c.h; name = ofxMidiConstants.h; path = addons/ofxMidi/ofxMidiConstants.h; sourceTree = "<group>"; };
		DF52530815E52F2D002AA771 /* ofxMidiIn.cpp */ = {isa = PBXFileReference; fileEncoding = 4; lastKnownFileType = sourcecode.cpp.cpp; name = ofxMidiIn.cpp; path = addons/ofxMidi/ofxMidiIn.cpp; sourceTree = "<group>"; };
		DF52530915E52F2D002AA771 /* ofxMidiIn.h */ = {isa = PBXFileReference; fileEncoding = 4; lastKnownFileType = sourcecode.c.h; name = ofxMidiIn.h; path = addons/ofxMidi/ofxMidiIn.h; sourceTree = "<group>"; };
		DF52530A15E52F2D002AA771 /* ofxMidiMessage.cpp */ = {isa = PBXFileReference; fileEncoding = 4; lastKnownFileType = sourcecode.cpp.cpp; name = ofxMidiMessage.cpp; path = addons/ofxMidi/ofxMidiMessage.cpp; sourceTree = "<group>"; };
		DF52530B15E52F2D002AA771 /* ofxMidiMessage.h */ = {isa = PBXFileReference; fileEncoding = 4; lastKnownFileType = sourcecode.c.h; name = ofxMidiMessage.h; path = addons/ofxMidi/ofxMidiMessage.h; sourceTree = "<group>"; };
		DF52530C15E52F2D002AA771 /* ofxMidiOut.cpp */ = {isa = PBXFileReference; fileEncoding = 4; lastKnownFileType = sourcecode.cpp.cpp; name = ofxMidiOut.cpp; path = addons/ofxMidi/ofxMidiOut.cpp; sourceTree = "<group>"; };
		DF52530D15E52F2D002AA771 /* ofxMidiOut.h */ = {isa = PBXFileReference; fileEncoding = 4; lastKnownFileType = sourcecode.c.h; name = ofxMidiOut.h; path = addons/ofxMidi/ofxMidiOut.h; sourceTree = "<group>"; };
		DF52530E15E52F2D002AA771 /* ofxMidiTypes.h */ = {isa = PBXFileReference; fileEncoding = 4; lastKnownFileType = sourcecode.c.h; name = ofxMidiTypes.h; path = addons/ofxMidi/ofxMidiTypes.h; sourceTree = "<group>"; };
		DF52531415E52F56002AA771 /* tinyxml.cpp */ = {isa = PBXFileReference; fileEncoding = 4; lastKnownFileType = sourcecode.cpp.cpp; name = tinyxml.cpp; path = addons/libs/tinyxml.cpp; sourceTree = "<group>"; };
		DF52531515E52F56002AA771 /* tinyxml.h */ = {isa = PBXFileReference; fileEncoding = 4; lastKnownFileType = sourcecode.c.h; name = tinyxml.h; path = addons/libs/tinyxml.h; sourceTree = "<group>"; };
		DF52531615E52F56002AA771 /* tinyxmlerror.cpp */ = {isa = PBXFileReference; fileEncoding = 4; lastKnownFileType = sourcecode.cpp.cpp; name = tinyxmlerror.cpp; path = addons/libs/tinyxmlerror.cpp; sourceTree = "<group>"; };
		DF52531715E52F56002AA771 /* tinyxmlparser.cpp */ = {isa = PBXFileReference; fileEncoding = 4; lastKnownFileType = sourcecode.cpp.cpp; name = tinyxmlparser.cpp; path = addons/libs/tinyxmlparser.cpp; sourceTree = "<group>"; };
		DF52531B15E52F69002AA771 /* ofxDirList.cpp */ = {isa = PBXFileReference; fileEncoding = 4; lastKnownFileType = sourcecode.cpp.cpp; name = ofxDirList.cpp; path = addons/src/ofxDirList.cpp; sourceTree = "<group>"; };
		DF52531C15E52F69002AA771 /* ofxDirList.h */ = {isa = PBXFileReference; fileEncoding = 4; lastKnownFileType = sourcecode.c.h; name = ofxDirList.h; path = addons/src/ofxDirList.h; sourceTree = "<group>"; };
		DF52531D15E52F69002AA771 /* ofxUI.h */ = {isa = PBXFileReference; fileEncoding = 4; lastKnownFileType = sourcecode.c.h; name = ofxUI.h; path = addons/src/ofxUI.h; sourceTree = "<group>"; };
		DF52531E15E52F69002AA771 /* ofxUI2DPad.h */ = {isa = PBXFileReference; fileEncoding = 4; lastKnownFileType = sourcecode.c.h; name = ofxUI2DPad.h; path = addons/src/ofxUI2DPad.h; sourceTree = "<group>"; };
		DF52531F15E52F69002AA771 /* ofxUIBiLabelSlider.h */ = {isa = PBXFileReference; fileEncoding = 4; lastKnownFileType = sourcecode.c.h; name = ofxUIBiLabelSlider.h; path = addons/src/ofxUIBiLabelSlider.h; sourceTree = "<group>"; };
		DF52532015E52F69002AA771 /* ofxUIButton.h */ = {isa = PBXFileReference; fileEncoding = 4; lastKnownFileType = sourcecode.c.h; name = ofxUIButton.h; path = addons/src/ofxUIButton.h; sourceTree = "<group>"; };
		DF52532115E52F69002AA771 /* ofxUICanvas.h */ = {isa = PBXFileReference; fileEncoding = 4; lastKnownFileType = sourcecode.c.h; name = ofxUICanvas.h; path = addons/src/ofxUICanvas.h; sourceTree = "<group>"; };
		DF52532215E52F69002AA771 /* ofxUICircleSlider.h */ = {isa = PBXFileReference; fileEncoding = 4; lastKnownFileType = sourcecode.c.h; name = ofxUICircleSlider.h; path = addons/src/ofxUICircleSlider.h; sourceTree = "<group>"; };
		DF52532315E52F69002AA771 /* ofxUICustomImageButton.h */ = {isa = PBXFileReference; fileEncoding = 4; lastKnownFileType = sourcecode.c.h; name = ofxUICustomImageButton.h; path = addons/src/ofxUICustomImageButton.h; sourceTree = "<group>"; };
		DF52532415E52F69002AA771 /* ofxUIDropDownList.h */ = {isa = PBXFileReference; fileEncoding = 4; lastKnownFileType = sourcecode.c.h; name = ofxUIDropDownList.h; path = addons/src/ofxUIDropDownList.h; sourceTree = "<group>"; };
		DF52532515E52F69002AA771 /* ofxUIEventArgs.h */ = {isa = PBXFileReference; fileEncoding = 4; lastKnownFileType = sourcecode.c.h; name = ofxUIEventArgs.h; path = addons/src/ofxUIEventArgs.h; sourceTree = "<group>"; };
		DF52532615E52F69002AA771 /* ofxUIFPS.h */ = {isa = PBXFileReference; fileEncoding = 4; lastKnownFileType = sourcecode.c.h; name = ofxUIFPS.h; path = addons/src/ofxUIFPS.h; sourceTree = "<group>"; };
		DF52532715E52F69002AA771 /* ofxUIFPSSlider.h */ = {isa = PBXFileReference; fileEncoding = 4; lastKnownFileType = sourcecode.c.h; name = ofxUIFPSSlider.h; path = addons/src/ofxUIFPSSlider.h; sourceTree = "<group>"; };
		DF52532815E52F69002AA771 /* ofxUIImage.h */ = {isa = PBXFileReference; fileEncoding = 4; lastKnownFileType = sourcecode.c.h; name = ofxUIImage.h; path = addons/src/ofxUIImage.h; sourceTree = "<group>"; };
		DF52532915E52F69002AA771 /* ofxUIImageButton.h */ = {isa = PBXFileReference; fileEncoding = 4; lastKnownFileType = sourcecode.c.h; name = ofxUIImageButton.h; path = addons/src/ofxUIImageButton.h; sourceTree = "<group>"; };
		DF52532A15E52F69002AA771 /* ofxUIImageSampler.h */ = {isa = PBXFileReference; fileEncoding = 4; lastKnownFileType = sourcecode.c.h; name = ofxUIImageSampler.h; path = addons/src/ofxUIImageSampler.h; sourceTree = "<group>"; };
		DF52532B15E52F69002AA771 /* ofxUIImageSlider.h */ = {isa = PBXFileReference; fileEncoding = 4; lastKnownFileType = sourcecode.c.h; name = ofxUIImageSlider.h; path = addons/src/ofxUIImageSlider.h; sourceTree = "<group>"; };
		DF52532C15E52F69002AA771 /* ofxUIImageToggle.h */ = {isa = PBXFileReference; fileEncoding = 4; lastKnownFileType = sourcecode.c.h; name = ofxUIImageToggle.h; path = addons/src/ofxUIImageToggle.h; sourceTree = "<group>"; };
		DF52532D15E52F69002AA771 /* ofxUILabel.h */ = {isa = PBXFileReference; fileEncoding = 4; lastKnownFileType = sourcecode.c.h; name = ofxUILabel.h; path = addons/src/ofxUILabel.h; sourceTree = "<group>"; };
		DF52532E15E52F69002AA771 /* ofxUILabelButton.h */ = {isa = PBXFileReference; fileEncoding = 4; lastKnownFileType = sourcecode.c.h; name = ofxUILabelButton.h; path = addons/src/ofxUILabelButton.h; sourceTree = "<group>"; };
		DF52532F15E52F69002AA771 /* ofxUILabelToggle.h */ = {isa = PBXFileReference; fileEncoding = 4; lastKnownFileType = sourcecode.c.h; name = ofxUILabelToggle.h; path = addons/src/ofxUILabelToggle.h; sourceTree = "<group>"; };
		DF52533015E52F69002AA771 /* ofxUIMinimalSlider.h */ = {isa = PBXFileReference; fileEncoding = 4; lastKnownFileType = sourcecode.c.h; name = ofxUIMinimalSlider.h; path = addons/src/ofxUIMinimalSlider.h; sourceTree = "<group>"; };
		DF52533115E52F69002AA771 /* ofxUIMovingGraph.h */ = {isa = PBXFileReference; fileEncoding = 4; lastKnownFileType = sourcecode.c.h; name = ofxUIMovingGraph.h; path = addons/src/ofxUIMovingGraph.h; sourceTree = "<group>"; };
		DF52533215E52F69002AA771 /* ofxUIMultiImageButton.h */ = {isa = PBXFileReference; fileEncoding = 4; lastKnownFileType = sourcecode.c.h; name = ofxUIMultiImageButton.h; path = addons/src/ofxUIMultiImageButton.h; sourceTree = "<group>"; };
		DF52533315E52F69002AA771 /* ofxUIMultiImageSlider.h */ = {isa = PBXFileReference; fileEncoding = 4; lastKnownFileType = sourcecode.c.h; name = ofxUIMultiImageSlider.h; path = addons/src/ofxUIMultiImageSlider.h; sourceTree = "<group>"; };
		DF52533415E52F69002AA771 /* ofxUIMultiImageToggle.h */ = {isa = PBXFileReference; fileEncoding = 4; lastKnownFileType = sourcecode.c.h; name = ofxUIMultiImageToggle.h; path = addons/src/ofxUIMultiImageToggle.h; sourceTree = "<group>"; };
		DF52533515E52F69002AA771 /* ofxUINumberDialer.h */ = {isa = PBXFileReference; fileEncoding = 4; lastKnownFileType = sourcecode.c.h; name = ofxUINumberDialer.h; path = addons/src/ofxUINumberDialer.h; sourceTree = "<group>"; };
		DF52533615E52F69002AA771 /* ofxUIRadio.h */ = {isa = PBXFileReference; fileEncoding = 4; lastKnownFileType = sourcecode.c.h; name = ofxUIRadio.h; path = addons/src/ofxUIRadio.h; sourceTree = "<group>"; };
		DF52533715E52F69002AA771 /* ofxUIRangeSlider.h */ = {isa = PBXFileReference; fileEncoding = 4; lastKnownFileType = sourcecode.c.h; name = ofxUIRangeSlider.h; path = addons/src/ofxUIRangeSlider.h; sourceTree = "<group>"; };
		DF52533815E52F69002AA771 /* ofxUIRectangle.h */ = {isa = PBXFileReference; fileEncoding = 4; lastKnownFileType = sourcecode.c.h; name = ofxUIRectangle.h; path = addons/src/ofxUIRectangle.h; sourceTree = "<group>"; };
		DF52533915E52F69002AA771 /* ofxUIRotarySlider.h */ = {isa = PBXFileReference; fileEncoding = 4; lastKnownFileType = sourcecode.c.h; name = ofxUIRotarySlider.h; path = addons/src/ofxUIRotarySlider.h; sourceTree = "<group>"; };
		DF52533A15E52F69002AA771 /* ofxUIScrollableCanvas.h */ = {isa = PBXFileReference; fileEncoding = 4; lastKnownFileType = sourcecode.c.h; name = ofxUIScrollableCanvas.h; path = addons/src/ofxUIScrollableCanvas.h; sourceTree = "<group>"; };
		DF52533B15E52F69002AA771 /* ofxUISlider.h */ = {isa = PBXFileReference; fileEncoding = 4; lastKnownFileType = sourcecode.c.h; name = ofxUISlider.h; path = addons/src/ofxUISlider.h; sourceTree = "<group>"; };
		DF52533C15E52F69002AA771 /* ofxUISpacer.h */ = {isa = PBXFileReference; fileEncoding = 4; lastKnownFileType = sourcecode.c.h; name = ofxUISpacer.h; path = addons/src/ofxUISpacer.h; sourceTree = "<group>"; };
		DF52533D15E52F69002AA771 /* ofxUISpectrum.h */ = {isa = PBXFileReference; fileEncoding = 4; lastKnownFileType = sourcecode.c.h; name = ofxUISpectrum.h; path = addons/src/ofxUISpectrum.h; sourceTree = "<group>"; };
		DF52533E15E52F69002AA771 /* ofxUITextInput.h */ = {isa = PBXFileReference; fileEncoding = 4; lastKnownFileType = sourcecode.c.h; name = ofxUITextInput.h; path = addons/src/ofxUITextInput.h; sourceTree = "<group>"; };
		DF52533F15E52F69002AA771 /* ofxUIToggle.h */ = {isa = PBXFileReference; fileEncoding = 4; lastKnownFileType = sourcecode.c.h; name = ofxUIToggle.h; path = addons/src/ofxUIToggle.h; sourceTree = "<group>"; };
		DF52534015E52F69002AA771 /* ofxUIToggleMatrix.h */ = {isa = PBXFileReference; fileEncoding = 4; lastKnownFileType = sourcecode.c.h; name = ofxUIToggleMatrix.h; path = addons/src/ofxUIToggleMatrix.h; sourceTree = "<group>"; };
		DF52534115E52F69002AA771 /* ofxUIWaveform.h */ = {isa = PBXFileReference; fileEncoding = 4; lastKnownFileType = sourcecode.c.h; name = ofxUIWaveform.h; path = addons/src/ofxUIWaveform.h; sourceTree = "<group>"; };
		DF52534215E52F69002AA771 /* ofxUIWidget.h */ = {isa = PBXFileReference; fileEncoding = 4; lastKnownFileType = sourcecode.c.h; name = ofxUIWidget.h; path = addons/src/ofxUIWidget.h; sourceTree = "<group>"; };
		DF52534315E52F69002AA771 /* ofxUIWidgetWithLabel.h */ = {isa = PBXFileReference; fileEncoding = 4; lastKnownFileType = sourcecode.c.h; name = ofxUIWidgetWithLabel.h; path = addons/src/ofxUIWidgetWithLabel.h; sourceTree = "<group>"; };
		DF52534415E52F69002AA771 /* ofxXmlSettings.cpp */ = {isa = PBXFileReference; fileEncoding = 4; lastKnownFileType = sourcecode.cpp.cpp; name = ofxXmlSettings.cpp; path = addons/src/ofxXmlSettings.cpp; sourceTree = "<group>"; };
		DF52534515E52F69002AA771 /* ofxXmlSettings.h */ = {isa = PBXFileReference; fileEncoding = 4; lastKnownFileType = sourcecode.c.h; name = ofxXmlSettings.h; path = addons/src/ofxXmlSettings.h; sourceTree = "<group>"; };
		DF52534915E53090002AA771 /* ofxRtMidiIn.cpp */ = {isa = PBXFileReference; fileEncoding = 4; lastKnownFileType = sourcecode.cpp.cpp; path = ofxRtMidiIn.cpp; sourceTree = "<group>"; };
		DF52534A15E53090002AA771 /* ofxRtMidiIn.h */ = {isa = PBXFileReference; fileEncoding = 4; lastKnownFileType = sourcecode.c.h; path = ofxRtMidiIn.h; sourceTree = "<group>"; };
		DF52534B15E53090002AA771 /* ofxRtMidiOut.cpp */ = {isa = PBXFileReference; fileEncoding = 4; lastKnownFileType = sourcecode.cpp.cpp; path = ofxRtMidiOut.cpp; sourceTree = "<group>"; };
		DF52534C15E53090002AA771 /* ofxRtMidiOut.h */ = {isa = PBXFileReference; fileEncoding = 4; lastKnownFileType = sourcecode.c.h; path = ofxRtMidiOut.h; sourceTree = "<group>"; };
		DF52534E15E53090002AA771 /* readme */ = {isa = PBXFileReference; fileEncoding = 4; lastKnownFileType = text; path = readme; sourceTree = "<group>"; };
		DF52534F15E53090002AA771 /* RtError.h */ = {isa = PBXFileReference; fileEncoding = 4; lastKnownFileType = sourcecode.c.h; path = RtError.h; sourceTree = "<group>"; };
		DF52535015E53090002AA771 /* RtMidi.cpp */ = {isa = PBXFileReference; fileEncoding = 4; lastKnownFileType = sourcecode.cpp.cpp; path = RtMidi.cpp; sourceTree = "<group>"; };
		DF52535115E53090002AA771 /* RtMidi.h */ = {isa = PBXFileReference; fileEncoding = 4; lastKnownFileType = sourcecode.c.h; path = RtMidi.h; sourceTree = "<group>"; };
		DF82663815E6381D0000CBBE /* ofxTextBlock.cpp */ = {isa = PBXFileReference; fileEncoding = 4; lastKnownFileType = sourcecode.cpp.cpp; name = ofxTextBlock.cpp; path = addons/src/ofxTextBlock.cpp; sourceTree = "<group>"; };
		DF82663915E6381D0000CBBE /* ofxTextBlock.h */ = {isa = PBXFileReference; fileEncoding = 4; lastKnownFileType = sourcecode.c.h; name = ofxTextBlock.h; path = addons/src/ofxTextBlock.h; sourceTree = "<group>"; };
		DF82663A15E6381D0000CBBE /* ofxTextSuite.h */ = {isa = PBXFileReference; fileEncoding = 4; lastKnownFileType = sourcecode.c.h; name = ofxTextSuite.h; path = addons/src/ofxTextSuite.h; sourceTree = "<group>"; };
		DF89906B15E689A60060494C /* threadedObject.h */ = {isa = PBXFileReference; fileEncoding = 4; lastKnownFileType = sourcecode.c.h; path = threadedObject.h; sourceTree = "<group>"; };
		DF8F7B9015E24B79006A4590 /* Usert.h */ = {isa = PBXFileReference; fileEncoding = 4; lastKnownFileType = sourcecode.c.h; path = Usert.h; sourceTree = "<group>"; };
		DFB1DECC15ED1DF3005FC3C1 /* ofxNetwork.h */ = {isa = PBXFileReference; fileEncoding = 4; lastKnownFileType = sourcecode.c.h; name = ofxNetwork.h; path = addons/src/ofxNetwork.h; sourceTree = "<group>"; };
		DFB1DECD15ED1DF3005FC3C1 /* ofxNetworkUtils.h */ = {isa = PBXFileReference; fileEncoding = 4; lastKnownFileType = sourcecode.c.h; name = ofxNetworkUtils.h; path = addons/src/ofxNetworkUtils.h; sourceTree = "<group>"; };
		DFB1DECE15ED1DF3005FC3C1 /* ofxTCPClient.cpp */ = {isa = PBXFileReference; fileEncoding = 4; lastKnownFileType = sourcecode.cpp.cpp; name = ofxTCPClient.cpp; path = addons/src/ofxTCPClient.cpp; sourceTree = "<group>"; };
		DFB1DECF15ED1DF3005FC3C1 /* ofxTCPClient.h */ = {isa = PBXFileReference; fileEncoding = 4; lastKnownFileType = sourcecode.c.h; name = ofxTCPClient.h; path = addons/src/ofxTCPClient.h; sourceTree = "<group>"; };
		DFB1DED015ED1DF3005FC3C1 /* ofxTCPManager.cpp */ = {isa = PBXFileReference; fileEncoding = 4; lastKnownFileType = sourcecode.cpp.cpp; name = ofxTCPManager.cpp; path = addons/src/ofxTCPManager.cpp; sourceTree = "<group>"; };
		DFB1DED115ED1DF3005FC3C1 /* ofxTCPManager.h */ = {isa = PBXFileReference; fileEncoding = 4; lastKnownFileType = sourcecode.c.h; name = ofxTCPManager.h; path = addons/src/ofxTCPManager.h; sourceTree = "<group>"; };
		DFB1DED215ED1DF3005FC3C1 /* ofxTCPServer.cpp */ = {isa = PBXFileReference; fileEncoding = 4; lastKnownFileType = sourcecode.cpp.cpp; name = ofxTCPServer.cpp; path = addons/src/ofxTCPServer.cpp; sourceTree = "<group>"; };
		DFB1DED315ED1DF3005FC3C1 /* ofxTCPServer.h */ = {isa = PBXFileReference; fileEncoding = 4; lastKnownFileType = sourcecode.c.h; name = ofxTCPServer.h; path = addons/src/ofxTCPServer.h; sourceTree = "<group>"; };
		DFB1DED415ED1DF3005FC3C1 /* ofxUDPManager.cpp */ = {isa = PBXFileReference; fileEncoding = 4; lastKnownFileType = sourcecode.cpp.cpp; name = ofxUDPManager.cpp; path = addons/src/ofxUDPManager.cpp; sourceTree = "<group>"; };
		DFB1DED515ED1DF3005FC3C1 /* ofxUDPManager.h */ = {isa = PBXFileReference; fileEncoding = 4; lastKnownFileType = sourcecode.c.h; name = ofxUDPManager.h; path = addons/src/ofxUDPManager.h; sourceTree = "<group>"; };
		E4328143138ABC890047C5CB /* openFrameworksLib.xcodeproj */ = {isa = PBXFileReference; lastKnownFileType = "wrapper.pb-project"; name = openFrameworksLib.xcodeproj; path = ../../../libs/openFrameworksCompiled/project/osx/openFrameworksLib.xcodeproj; sourceTree = SOURCE_ROOT; };
		E45BE9710E8CC7DD009D7055 /* AGL.framework */ = {isa = PBXFileReference; lastKnownFileType = wrapper.framework; name = AGL.framework; path = /System/Library/Frameworks/AGL.framework; sourceTree = "<absolute>"; };
		E45BE9720E8CC7DD009D7055 /* ApplicationServices.framework */ = {isa = PBXFileReference; lastKnownFileType = wrapper.framework; name = ApplicationServices.framework; path = /System/Library/Frameworks/ApplicationServices.framework; sourceTree = "<absolute>"; };
		E45BE9730E8CC7DD009D7055 /* AudioToolbox.framework */ = {isa = PBXFileReference; lastKnownFileType = wrapper.framework; name = AudioToolbox.framework; path = /System/Library/Frameworks/AudioToolbox.framework; sourceTree = "<absolute>"; };
		E45BE9740E8CC7DD009D7055 /* Carbon.framework */ = {isa = PBXFileReference; lastKnownFileType = wrapper.framework; name = Carbon.framework; path = /System/Library/Frameworks/Carbon.framework; sourceTree = "<absolute>"; };
		E45BE9750E8CC7DD009D7055 /* CoreAudio.framework */ = {isa = PBXFileReference; lastKnownFileType = wrapper.framework; name = CoreAudio.framework; path = /System/Library/Frameworks/CoreAudio.framework; sourceTree = "<absolute>"; };
		E45BE9760E8CC7DD009D7055 /* CoreFoundation.framework */ = {isa = PBXFileReference; lastKnownFileType = wrapper.framework; name = CoreFoundation.framework; path = /System/Library/Frameworks/CoreFoundation.framework; sourceTree = "<absolute>"; };
		E45BE9770E8CC7DD009D7055 /* CoreServices.framework */ = {isa = PBXFileReference; lastKnownFileType = wrapper.framework; name = CoreServices.framework; path = /System/Library/Frameworks/CoreServices.framework; sourceTree = "<absolute>"; };
		E45BE9790E8CC7DD009D7055 /* OpenGL.framework */ = {isa = PBXFileReference; lastKnownFileType = wrapper.framework; name = OpenGL.framework; path = /System/Library/Frameworks/OpenGL.framework; sourceTree = "<absolute>"; };
		E45BE97A0E8CC7DD009D7055 /* QuickTime.framework */ = {isa = PBXFileReference; lastKnownFileType = wrapper.framework; name = QuickTime.framework; path = /System/Library/Frameworks/QuickTime.framework; sourceTree = "<absolute>"; };
		E4B69B5B0A3A1756003C02F2 /* beatStation.app */ = {isa = PBXFileReference; explicitFileType = wrapper.application; includeInIndex = 0; path = beatStation.app; sourceTree = BUILT_PRODUCTS_DIR; };
		E4B69E1D0A3A1BDC003C02F2 /* main.cpp */ = {isa = PBXFileReference; fileEncoding = 30; lastKnownFileType = sourcecode.cpp.cpp; name = main.cpp; path = src/main.cpp; sourceTree = SOURCE_ROOT; };
		E4B69E1E0A3A1BDC003C02F2 /* testApp.cpp */ = {isa = PBXFileReference; explicitFileType = sourcecode.cpp.cpp; fileEncoding = 30; name = testApp.cpp; path = src/testApp.cpp; sourceTree = SOURCE_ROOT; };
		E4B69E1F0A3A1BDC003C02F2 /* testApp.h */ = {isa = PBXFileReference; fileEncoding = 30; lastKnownFileType = sourcecode.c.h; name = testApp.h; path = src/testApp.h; sourceTree = SOURCE_ROOT; };
		E4B6FCAD0C3E899E008CF71C /* openFrameworks-Info.plist */ = {isa = PBXFileReference; fileEncoding = 30; lastKnownFileType = text.plist.xml; path = "openFrameworks-Info.plist"; sourceTree = "<group>"; };
		E4C2424410CC5A17004149E2 /* AppKit.framework */ = {isa = PBXFileReference; lastKnownFileType = wrapper.framework; name = AppKit.framework; path = /System/Library/Frameworks/AppKit.framework; sourceTree = "<absolute>"; };
		E4C2424510CC5A17004149E2 /* Cocoa.framework */ = {isa = PBXFileReference; lastKnownFileType = wrapper.framework; name = Cocoa.framework; path = /System/Library/Frameworks/Cocoa.framework; sourceTree = "<absolute>"; };
		E4C2424610CC5A17004149E2 /* IOKit.framework */ = {isa = PBXFileReference; lastKnownFileType = wrapper.framework; name = IOKit.framework; path = /System/Library/Frameworks/IOKit.framework; sourceTree = "<absolute>"; };
		E4EB691F138AFCF100A09F29 /* CoreOF.xcconfig */ = {isa = PBXFileReference; fileEncoding = 4; lastKnownFileType = text.xcconfig; name = CoreOF.xcconfig; path = ../../../libs/openFrameworksCompiled/project/osx/CoreOF.xcconfig; sourceTree = SOURCE_ROOT; };
		E4EB6923138AFD0F00A09F29 /* Project.xcconfig */ = {isa = PBXFileReference; fileEncoding = 4; lastKnownFileType = text.xcconfig; path = Project.xcconfig; sourceTree = "<group>"; };
/* End PBXFileReference section */

/* Begin PBXFrameworksBuildPhase section */
		E4B69B590A3A1756003C02F2 /* Frameworks */ = {
			isa = PBXFrameworksBuildPhase;
			buildActionMask = 2147483647;
			files = (
				E4EB6799138ADC1D00A09F29 /* GLUT.framework in Frameworks */,
				E4328149138ABC9F0047C5CB /* openFrameworksDebug.a in Frameworks */,
				E45BE97B0E8CC7DD009D7055 /* AGL.framework in Frameworks */,
				E45BE97C0E8CC7DD009D7055 /* ApplicationServices.framework in Frameworks */,
				E45BE97D0E8CC7DD009D7055 /* AudioToolbox.framework in Frameworks */,
				E45BE97E0E8CC7DD009D7055 /* Carbon.framework in Frameworks */,
				E45BE97F0E8CC7DD009D7055 /* CoreAudio.framework in Frameworks */,
				E45BE9800E8CC7DD009D7055 /* CoreFoundation.framework in Frameworks */,
				E45BE9810E8CC7DD009D7055 /* CoreServices.framework in Frameworks */,
				E45BE9830E8CC7DD009D7055 /* OpenGL.framework in Frameworks */,
				E45BE9840E8CC7DD009D7055 /* QuickTime.framework in Frameworks */,
				E4C2424710CC5A17004149E2 /* AppKit.framework in Frameworks */,
				E4C2424810CC5A17004149E2 /* Cocoa.framework in Frameworks */,
				E4C2424910CC5A17004149E2 /* IOKit.framework in Frameworks */,
				270A248D141220590073405C /* CoreMIDI.framework in Frameworks */,
			);
			runOnlyForDeploymentPostprocessing = 0;
		};
/* End PBXFrameworksBuildPhase section */

/* Begin PBXGroup section */
		3022EC7D1572DA590053CD2B /* ofxMidi */ = {
			isa = PBXGroup;
			children = (
				DF52534815E53090002AA771 /* desktop */,
				DF52530315E52F2D002AA771 /* ofxBaseMidi.cpp */,
				DF52530415E52F2D002AA771 /* ofxBaseMidi.h */,
				DF52530515E52F2D002AA771 /* ofxMidi.cpp */,
				DF52530615E52F2D002AA771 /* ofxMidi.h */,
				DF52530715E52F2D002AA771 /* ofxMidiConstants.h */,
				DF52530815E52F2D002AA771 /* ofxMidiIn.cpp */,
				DF52530915E52F2D002AA771 /* ofxMidiIn.h */,
				DF52530A15E52F2D002AA771 /* ofxMidiMessage.cpp */,
				DF52530B15E52F2D002AA771 /* ofxMidiMessage.h */,
				DF52530C15E52F2D002AA771 /* ofxMidiOut.cpp */,
				DF52530D15E52F2D002AA771 /* ofxMidiOut.h */,
				DF52530E15E52F2D002AA771 /* ofxMidiTypes.h */,
			);
			name = ofxMidi;
			sourceTree = "<group>";
		};
		BB4B014C10F69532006C3DED /* addons */ = {
			isa = PBXGroup;
			children = (
				DF8F7BBC15E24C84006A4590 /* libs */,
				DF8F7B9115E24C20006A4590 /* src */,
				3022EC7D1572DA590053CD2B /* ofxMidi */,
			);
			name = addons;
			sourceTree = "<group>";
		};
		BBAB23C913894ECA00AA2426 /* system frameworks */ = {
			isa = PBXGroup;
			children = (
				E4C2424410CC5A17004149E2 /* AppKit.framework */,
				E4C2424510CC5A17004149E2 /* Cocoa.framework */,
				E4C2424610CC5A17004149E2 /* IOKit.framework */,
				E45BE9710E8CC7DD009D7055 /* AGL.framework */,
				E45BE9720E8CC7DD009D7055 /* ApplicationServices.framework */,
				E45BE9730E8CC7DD009D7055 /* AudioToolbox.framework */,
				E45BE9740E8CC7DD009D7055 /* Carbon.framework */,
				E45BE9750E8CC7DD009D7055 /* CoreAudio.framework */,
				E45BE9760E8CC7DD009D7055 /* CoreFoundation.framework */,
				E45BE9770E8CC7DD009D7055 /* CoreServices.framework */,
				E45BE9790E8CC7DD009D7055 /* OpenGL.framework */,
				E45BE97A0E8CC7DD009D7055 /* QuickTime.framework */,
				270A248C141220590073405C /* CoreMIDI.framework */,
			);
			name = "system frameworks";
			sourceTree = "<group>";
		};
		BBAB23CA13894EDB00AA2426 /* 3rd party frameworks */ = {
			isa = PBXGroup;
			children = (
				BBAB23BE13894E4700AA2426 /* GLUT.framework */,
			);
			name = "3rd party frameworks";
			sourceTree = "<group>";
		};
		DF52534815E53090002AA771 /* desktop */ = {
			isa = PBXGroup;
			children = (
				DF52534915E53090002AA771 /* ofxRtMidiIn.cpp */,
				DF52534A15E53090002AA771 /* ofxRtMidiIn.h */,
				DF52534B15E53090002AA771 /* ofxRtMidiOut.cpp */,
				DF52534C15E53090002AA771 /* ofxRtMidiOut.h */,
				DF52534D15E53090002AA771 /* rtmidi */,
			);
			name = desktop;
			path = addons/ofxMidi/desktop;
			sourceTree = "<group>";
		};
		DF52534D15E53090002AA771 /* rtmidi */ = {
			isa = PBXGroup;
			children = (
				DF52534E15E53090002AA771 /* readme */,
				DF52534F15E53090002AA771 /* RtError.h */,
				DF52535015E53090002AA771 /* RtMidi.cpp */,
				DF52535115E53090002AA771 /* RtMidi.h */,
			);
			path = rtmidi;
			sourceTree = "<group>";
		};
		DF8F7B9115E24C20006A4590 /* src */ = {
			isa = PBXGroup;
			children = (
				DFB1DECC15ED1DF3005FC3C1 /* ofxNetwork.h */,
				DFB1DECD15ED1DF3005FC3C1 /* ofxNetworkUtils.h */,
				DFB1DECE15ED1DF3005FC3C1 /* ofxTCPClient.cpp */,
				DFB1DECF15ED1DF3005FC3C1 /* ofxTCPClient.h */,
				DFB1DED015ED1DF3005FC3C1 /* ofxTCPManager.cpp */,
				DFB1DED115ED1DF3005FC3C1 /* ofxTCPManager.h */,
				DFB1DED215ED1DF3005FC3C1 /* ofxTCPServer.cpp */,
				DFB1DED315ED1DF3005FC3C1 /* ofxTCPServer.h */,
				DFB1DED415ED1DF3005FC3C1 /* ofxUDPManager.cpp */,
				DFB1DED515ED1DF3005FC3C1 /* ofxUDPManager.h */,
				DF82663815E6381D0000CBBE /* ofxTextBlock.cpp */,
				DF82663915E6381D0000CBBE /* ofxTextBlock.h */,
				DF82663A15E6381D0000CBBE /* ofxTextSuite.h */,
				DF52531B15E52F69002AA771 /* ofxDirList.cpp */,
				DF52531C15E52F69002AA771 /* ofxDirList.h */,
				DF52531D15E52F69002AA771 /* ofxUI.h */,
				DF52531E15E52F69002AA771 /* ofxUI2DPad.h */,
				DF52531F15E52F69002AA771 /* ofxUIBiLabelSlider.h */,
				DF52532015E52F69002AA771 /* ofxUIButton.h */,
				DF52532115E52F69002AA771 /* ofxUICanvas.h */,
				DF52532215E52F69002AA771 /* ofxUICircleSlider.h */,
				DF52532315E52F69002AA771 /* ofxUICustomImageButton.h */,
				DF52532415E52F69002AA771 /* ofxUIDropDownList.h */,
				DF52532515E52F69002AA771 /* ofxUIEventArgs.h */,
				DF52532615E52F69002AA771 /* ofxUIFPS.h */,
				DF52532715E52F69002AA771 /* ofxUIFPSSlider.h */,
				DF52532815E52F69002AA771 /* ofxUIImage.h */,
				DF52532915E52F69002AA771 /* ofxUIImageButton.h */,
				DF52532A15E52F69002AA771 /* ofxUIImageSampler.h */,
				DF52532B15E52F69002AA771 /* ofxUIImageSlider.h */,
				DF52532C15E52F69002AA771 /* ofxUIImageToggle.h */,
				DF52532D15E52F69002AA771 /* ofxUILabel.h */,
				DF52532E15E52F69002AA771 /* ofxUILabelButton.h */,
				DF52532F15E52F69002AA771 /* ofxUILabelToggle.h */,
				DF52533015E52F69002AA771 /* ofxUIMinimalSlider.h */,
				DF52533115E52F69002AA771 /* ofxUIMovingGraph.h */,
				DF52533215E52F69002AA771 /* ofxUIMultiImageButton.h */,
				DF52533315E52F69002AA771 /* ofxUIMultiImageSlider.h */,
				DF52533415E52F69002AA771 /* ofxUIMultiImageToggle.h */,
				DF52533515E52F69002AA771 /* ofxUINumberDialer.h */,
				DF52533615E52F69002AA771 /* ofxUIRadio.h */,
				DF52533715E52F69002AA771 /* ofxUIRangeSlider.h */,
				DF52533815E52F69002AA771 /* ofxUIRectangle.h */,
				DF52533915E52F69002AA771 /* ofxUIRotarySlider.h */,
				DF52533A15E52F69002AA771 /* ofxUIScrollableCanvas.h */,
				DF52533B15E52F69002AA771 /* ofxUISlider.h */,
				DF52533C15E52F69002AA771 /* ofxUISpacer.h */,
				DF52533D15E52F69002AA771 /* ofxUISpectrum.h */,
				DF52533E15E52F69002AA771 /* ofxUITextInput.h */,
				DF52533F15E52F69002AA771 /* ofxUIToggle.h */,
				DF52534015E52F69002AA771 /* ofxUIToggleMatrix.h */,
				DF52534115E52F69002AA771 /* ofxUIWaveform.h */,
				DF52534215E52F69002AA771 /* ofxUIWidget.h */,
				DF52534315E52F69002AA771 /* ofxUIWidgetWithLabel.h */,
				DF52534415E52F69002AA771 /* ofxXmlSettings.cpp */,
				DF52534515E52F69002AA771 /* ofxXmlSettings.h */,
			);
			name = src;
			sourceTree = "<group>";
		};
		DF8F7BBC15E24C84006A4590 /* libs */ = {
			isa = PBXGroup;
			children = (
				DF52531415E52F56002AA771 /* tinyxml.cpp */,
				DF52531515E52F56002AA771 /* tinyxml.h */,
				DF52531615E52F56002AA771 /* tinyxmlerror.cpp */,
				DF52531715E52F56002AA771 /* tinyxmlparser.cpp */,
			);
			name = libs;
			sourceTree = "<group>";
		};
		E4328144138ABC890047C5CB /* Products */ = {
			isa = PBXGroup;
			children = (
				E4328148138ABC890047C5CB /* openFrameworksDebug.a */,
			);
			name = Products;
			sourceTree = "<group>";
		};
		E45BE5980E8CC70C009D7055 /* frameworks */ = {
			isa = PBXGroup;
			children = (
				BBAB23CA13894EDB00AA2426 /* 3rd party frameworks */,
				BBAB23C913894ECA00AA2426 /* system frameworks */,
			);
			name = frameworks;
			sourceTree = "<group>";
		};
		E4B69B4A0A3A1720003C02F2 = {
			isa = PBXGroup;
			children = (
				E4EB6923138AFD0F00A09F29 /* Project.xcconfig */,
				E4B69E1C0A3A1BDC003C02F2 /* src */,
				E4EEC9E9138DF44700A80321 /* openFrameworks */,
				BB4B014C10F69532006C3DED /* addons */,
				E45BE5980E8CC70C009D7055 /* frameworks */,
				E4B69B5B0A3A1756003C02F2 /* beatStation.app */,
			);
			sourceTree = "<group>";
		};
		E4B69E1C0A3A1BDC003C02F2 /* src */ = {
			isa = PBXGroup;
			children = (
				E4B69E1D0A3A1BDC003C02F2 /* main.cpp */,
				E4B69E1E0A3A1BDC003C02F2 /* testApp.cpp */,
				E4B69E1F0A3A1BDC003C02F2 /* testApp.h */,
				DF8F7B9015E24B79006A4590 /* Usert.h */,
				DF89906B15E689A60060494C /* threadedObject.h */,
			);
			path = src;
			sourceTree = SOURCE_ROOT;
		};
		E4EEC9E9138DF44700A80321 /* openFrameworks */ = {
			isa = PBXGroup;
			children = (
				E4EB691F138AFCF100A09F29 /* CoreOF.xcconfig */,
				E4328143138ABC890047C5CB /* openFrameworksLib.xcodeproj */,
				E4B6FCAD0C3E899E008CF71C /* openFrameworks-Info.plist */,
			);
			name = openFrameworks;
			sourceTree = "<group>";
		};
/* End PBXGroup section */

/* Begin PBXNativeTarget section */
		E4B69B5A0A3A1756003C02F2 /* beatStation */ = {
			isa = PBXNativeTarget;
			buildConfigurationList = E4B69B5F0A3A1757003C02F2 /* Build configuration list for PBXNativeTarget "beatStation" */;
			buildPhases = (
				E4B69B580A3A1756003C02F2 /* Sources */,
				E4B69B590A3A1756003C02F2 /* Frameworks */,
				E4B6FFFD0C3F9AB9008CF71C /* ShellScript */,
				E4C2427710CC5ABF004149E2 /* CopyFiles */,
			);
			buildRules = (
			);
			dependencies = (
				E4EEB9AC138B136A00A80321 /* PBXTargetDependency */,
			);
			name = beatStation;
			productName = myOFApp;
			productReference = E4B69B5B0A3A1756003C02F2 /* beatStation.app */;
			productType = "com.apple.product-type.application";
		};
/* End PBXNativeTarget section */

/* Begin PBXProject section */
		E4B69B4C0A3A1720003C02F2 /* Project object */ = {
			isa = PBXProject;
			attributes = {
				LastUpgradeCheck = 0420;
			};
			buildConfigurationList = E4B69B4D0A3A1720003C02F2 /* Build configuration list for PBXProject "beatStation" */;
			compatibilityVersion = "Xcode 3.2";
			developmentRegion = English;
			hasScannedForEncodings = 0;
			knownRegions = (
				English,
				Japanese,
				French,
				German,
			);
			mainGroup = E4B69B4A0A3A1720003C02F2;
			productRefGroup = E4B69B4A0A3A1720003C02F2;
			projectDirPath = "";
			projectReferences = (
				{
					ProductGroup = E4328144138ABC890047C5CB /* Products */;
					ProjectRef = E4328143138ABC890047C5CB /* openFrameworksLib.xcodeproj */;
				},
			);
			projectRoot = "";
			targets = (
				E4B69B5A0A3A1756003C02F2 /* beatStation */,
			);
		};
/* End PBXProject section */

/* Begin PBXReferenceProxy section */
		E4328148138ABC890047C5CB /* openFrameworksDebug.a */ = {
			isa = PBXReferenceProxy;
			fileType = archive.ar;
			path = openFrameworksDebug.a;
			remoteRef = E4328147138ABC890047C5CB /* PBXContainerItemProxy */;
			sourceTree = BUILT_PRODUCTS_DIR;
		};
/* End PBXReferenceProxy section */

/* Begin PBXShellScriptBuildPhase section */
		E4B6FFFD0C3F9AB9008CF71C /* ShellScript */ = {
			isa = PBXShellScriptBuildPhase;
			buildActionMask = 2147483647;
			files = (
			);
			inputPaths = (
			);
			outputPaths = (
			);
			runOnlyForDeploymentPostprocessing = 0;
			shellPath = /bin/sh;
			shellScript = "cp -f ../../../libs/fmodex/lib/osx/libfmodex.dylib \"$TARGET_BUILD_DIR/$PRODUCT_NAME.app/Contents/MacOS/libfmodex.dylib\"; install_name_tool -change ./libfmodex.dylib @executable_path/libfmodex.dylib \"$TARGET_BUILD_DIR/$PRODUCT_NAME.app/Contents/MacOS/$PRODUCT_NAME\";";
		};
/* End PBXShellScriptBuildPhase section */

/* Begin PBXSourcesBuildPhase section */
		E4B69B580A3A1756003C02F2 /* Sources */ = {
			isa = PBXSourcesBuildPhase;
			buildActionMask = 2147483647;
			files = (
				E4B69E200A3A1BDC003C02F2 /* main.cpp in Sources */,
				E4B69E210A3A1BDC003C02F2 /* testApp.cpp in Sources */,
				DF52530F15E52F2D002AA771 /* ofxBaseMidi.cpp in Sources */,
				DF52531015E52F2D002AA771 /* ofxMidi.cpp in Sources */,
				DF52531115E52F2D002AA771 /* ofxMidiIn.cpp in Sources */,
				DF52531215E52F2D002AA771 /* ofxMidiMessage.cpp in Sources */,
				DF52531315E52F2D002AA771 /* ofxMidiOut.cpp in Sources */,
				DF52531815E52F56002AA771 /* tinyxml.cpp in Sources */,
				DF52531915E52F56002AA771 /* tinyxmlerror.cpp in Sources */,
				DF52531A15E52F56002AA771 /* tinyxmlparser.cpp in Sources */,
				DF52534615E52F69002AA771 /* ofxDirList.cpp in Sources */,
				DF52534715E52F69002AA771 /* ofxXmlSettings.cpp in Sources */,
				DF52535215E53090002AA771 /* ofxRtMidiIn.cpp in Sources */,
				DF52535315E53090002AA771 /* ofxRtMidiOut.cpp in Sources */,
				DF52535415E53090002AA771 /* RtMidi.cpp in Sources */,
				DF82663B15E6381D0000CBBE /* ofxTextBlock.cpp in Sources */,
				DFB1DED615ED1DF3005FC3C1 /* ofxTCPClient.cpp in Sources */,
				DFB1DED715ED1DF3005FC3C1 /* ofxTCPManager.cpp in Sources */,
				DFB1DED815ED1DF3005FC3C1 /* ofxTCPServer.cpp in Sources */,
				DFB1DED915ED1DF3005FC3C1 /* ofxUDPManager.cpp in Sources */,
			);
			runOnlyForDeploymentPostprocessing = 0;
		};
/* End PBXSourcesBuildPhase section */

/* Begin PBXTargetDependency section */
		E4EEB9AC138B136A00A80321 /* PBXTargetDependency */ = {
			isa = PBXTargetDependency;
			name = openFrameworks;
			targetProxy = E4EEB9AB138B136A00A80321 /* PBXContainerItemProxy */;
		};
/* End PBXTargetDependency section */

/* Begin XCBuildConfiguration section */
		E4B69B4E0A3A1720003C02F2 /* Debug */ = {
			isa = XCBuildConfiguration;
			baseConfigurationReference = E4EB6923138AFD0F00A09F29 /* Project.xcconfig */;
			buildSettings = {
				ARCHS = "$(ARCHS_STANDARD_32_BIT)";
				CONFIGURATION_BUILD_DIR = "$(SRCROOT)/bin/";
				COPY_PHASE_STRIP = NO;
				DEAD_CODE_STRIPPING = YES;
				GCC_AUTO_VECTORIZATION = YES;
				GCC_ENABLE_SSE3_EXTENSIONS = YES;
				GCC_ENABLE_SUPPLEMENTAL_SSE3_INSTRUCTIONS = YES;
				GCC_INLINES_ARE_PRIVATE_EXTERN = NO;
				GCC_MODEL_TUNING = G5;
				GCC_SYMBOLS_PRIVATE_EXTERN = NO;
				GCC_VERSION = com.apple.compilers.llvmgcc42;
				GCC_WARN_ABOUT_DEPRECATED_FUNCTIONS = NO;
				GCC_WARN_ABOUT_INVALID_OFFSETOF_MACRO = NO;
				GCC_WARN_ALLOW_INCOMPLETE_PROTOCOL = NO;
				GCC_WARN_UNINITIALIZED_AUTOS = NO;
				GCC_WARN_UNUSED_VALUE = NO;
				GCC_WARN_UNUSED_VARIABLE = NO;
				MACOSX_DEPLOYMENT_TARGET = 10.5;
				OTHER_CPLUSPLUSFLAGS = (
					"-D__MACOSX_CORE__",
					"-lpthread",
				);
				SDKROOT = macosx10.6;
			};
			name = Debug;
		};
		E4B69B4F0A3A1720003C02F2 /* Release */ = {
			isa = XCBuildConfiguration;
			baseConfigurationReference = E4EB6923138AFD0F00A09F29 /* Project.xcconfig */;
			buildSettings = {
				ARCHS = "$(ARCHS_STANDARD_32_BIT)";
				CONFIGURATION_BUILD_DIR = "$(SRCROOT)/bin/";
				COPY_PHASE_STRIP = YES;
				DEAD_CODE_STRIPPING = YES;
				GCC_AUTO_VECTORIZATION = YES;
				GCC_ENABLE_SSE3_EXTENSIONS = YES;
				GCC_ENABLE_SUPPLEMENTAL_SSE3_INSTRUCTIONS = YES;
				GCC_INLINES_ARE_PRIVATE_EXTERN = NO;
				GCC_MODEL_TUNING = G5;
				GCC_OPTIMIZATION_LEVEL = 3;
				GCC_SYMBOLS_PRIVATE_EXTERN = NO;
				GCC_UNROLL_LOOPS = YES;
				GCC_VERSION = com.apple.compilers.llvmgcc42;
				GCC_WARN_ABOUT_DEPRECATED_FUNCTIONS = NO;
				GCC_WARN_ABOUT_INVALID_OFFSETOF_MACRO = NO;
				GCC_WARN_ALLOW_INCOMPLETE_PROTOCOL = NO;
				GCC_WARN_UNINITIALIZED_AUTOS = NO;
				GCC_WARN_UNUSED_VALUE = NO;
				GCC_WARN_UNUSED_VARIABLE = NO;
				MACOSX_DEPLOYMENT_TARGET = 10.5;
				OTHER_CPLUSPLUSFLAGS = (
					"-D__MACOSX_CORE__",
					"-lpthread",
				);
				SDKROOT = macosx10.6;
			};
			name = Release;
		};
		E4B69B600A3A1757003C02F2 /* Debug */ = {
			isa = XCBuildConfiguration;
			buildSettings = {
				COPY_PHASE_STRIP = NO;
				FRAMEWORK_SEARCH_PATHS = (
					"$(inherited)",
					"$(FRAMEWORK_SEARCH_PATHS_QUOTED_FOR_TARGET_1)",
				);
				FRAMEWORK_SEARCH_PATHS_QUOTED_FOR_TARGET_1 = "\"$(SRCROOT)/../../../libs/glut/lib/osx\"";
				GCC_DYNAMIC_NO_PIC = NO;
				GCC_GENERATE_DEBUGGING_SYMBOLS = YES;
				GCC_MODEL_TUNING = G4;
				GCC_PRECOMPILE_PREFIX_HEADER = YES;
				GCC_PREFIX_HEADER = "$(SYSTEM_LIBRARY_DIR)/Frameworks/Carbon.framework/Headers/Carbon.h";
				INFOPLIST_FILE = "openFrameworks-Info.plist";
				INSTALL_PATH = "$(HOME)/Applications";
				LIBRARY_SEARCH_PATHS = (
					"$(inherited)",
					"$(LIBRARY_SEARCH_PATHS_QUOTED_FOR_TARGET_1)",
					"$(LIBRARY_SEARCH_PATHS_QUOTED_FOR_TARGET_2)",
					"$(LIBRARY_SEARCH_PATHS_QUOTED_FOR_TARGET_3)",
					"$(LIBRARY_SEARCH_PATHS_QUOTED_FOR_TARGET_4)",
					"$(LIBRARY_SEARCH_PATHS_QUOTED_FOR_TARGET_5)",
					"$(LIBRARY_SEARCH_PATHS_QUOTED_FOR_TARGET_6)",
					"$(LIBRARY_SEARCH_PATHS_QUOTED_FOR_TARGET_7)",
					"$(LIBRARY_SEARCH_PATHS_QUOTED_FOR_TARGET_8)",
					"$(LIBRARY_SEARCH_PATHS_QUOTED_FOR_TARGET_9)",
					"$(LIBRARY_SEARCH_PATHS_QUOTED_FOR_TARGET_10)",
					"$(LIBRARY_SEARCH_PATHS_QUOTED_FOR_TARGET_11)",
					"$(LIBRARY_SEARCH_PATHS_QUOTED_FOR_TARGET_12)",
					"$(LIBRARY_SEARCH_PATHS_QUOTED_FOR_TARGET_13)",
					"$(LIBRARY_SEARCH_PATHS_QUOTED_FOR_TARGET_14)",
					"$(LIBRARY_SEARCH_PATHS_QUOTED_FOR_TARGET_15)",
					"$(LIBRARY_SEARCH_PATHS_QUOTED_FOR_TARGET_2)",
					"$(LIBRARY_SEARCH_PATHS_QUOTED_FOR_TARGET_3)",
					"$(LIBRARY_SEARCH_PATHS_QUOTED_FOR_TARGET_7)",
					"$(LIBRARY_SEARCH_PATHS_QUOTED_FOR_TARGET_8)",
					"$(LIBRARY_SEARCH_PATHS_QUOTED_FOR_TARGET_9)",
					"$(LIBRARY_SEARCH_PATHS_QUOTED_FOR_TARGET_10)",
					"$(LIBRARY_SEARCH_PATHS_QUOTED_FOR_TARGET_11)",
					"$(LIBRARY_SEARCH_PATHS_QUOTED_FOR_TARGET_12)",
					"$(LIBRARY_SEARCH_PATHS_QUOTED_FOR_TARGET_13)",
					"$(LIBRARY_SEARCH_PATHS_QUOTED_FOR_TARGET_16)",
					"$(LIBRARY_SEARCH_PATHS_QUOTED_FOR_TARGET_17)",
					"$(LIBRARY_SEARCH_PATHS_QUOTED_FOR_TARGET_18)",
					"$(LIBRARY_SEARCH_PATHS_QUOTED_FOR_TARGET_19)",
					"$(LIBRARY_SEARCH_PATHS_QUOTED_FOR_TARGET_20)",
					"$(LIBRARY_SEARCH_PATHS_QUOTED_FOR_TARGET_21)",
					"$(LIBRARY_SEARCH_PATHS_QUOTED_FOR_TARGET_22)",
					"$(LIBRARY_SEARCH_PATHS_QUOTED_FOR_TARGET_23)",
					"$(LIBRARY_SEARCH_PATHS_QUOTED_FOR_TARGET_24)",
					"$(LIBRARY_SEARCH_PATHS_QUOTED_FOR_TARGET_25)",
					"$(LIBRARY_SEARCH_PATHS_QUOTED_FOR_TARGET_26)",
					"$(LIBRARY_SEARCH_PATHS_QUOTED_FOR_TARGET_27)",
					"$(LIBRARY_SEARCH_PATHS_QUOTED_FOR_TARGET_28)",
					"$(LIBRARY_SEARCH_PATHS_QUOTED_FOR_TARGET_29)",
					"$(LIBRARY_SEARCH_PATHS_QUOTED_FOR_TARGET_30)",
					"$(LIBRARY_SEARCH_PATHS_QUOTED_FOR_TARGET_31)",
					"$(LIBRARY_SEARCH_PATHS_QUOTED_FOR_TARGET_32)",
					"$(LIBRARY_SEARCH_PATHS_QUOTED_FOR_TARGET_33)",
					"$(LIBRARY_SEARCH_PATHS_QUOTED_FOR_TARGET_34)",
					"$(LIBRARY_SEARCH_PATHS_QUOTED_FOR_TARGET_35)",
					"$(LIBRARY_SEARCH_PATHS_QUOTED_FOR_TARGET_36)",
					"$(LIBRARY_SEARCH_PATHS_QUOTED_FOR_TARGET_37)",
					"$(LIBRARY_SEARCH_PATHS_QUOTED_FOR_TARGET_38)",
					"$(LIBRARY_SEARCH_PATHS_QUOTED_FOR_TARGET_39)",
					"$(LIBRARY_SEARCH_PATHS_QUOTED_FOR_TARGET_40)",
					"$(LIBRARY_SEARCH_PATHS_QUOTED_FOR_TARGET_41)",
					"$(LIBRARY_SEARCH_PATHS_QUOTED_FOR_TARGET_42)",
					"$(LIBRARY_SEARCH_PATHS_QUOTED_FOR_TARGET_43)",
					"$(LIBRARY_SEARCH_PATHS_QUOTED_FOR_TARGET_44)",
					"$(LIBRARY_SEARCH_PATHS_QUOTED_FOR_TARGET_45)",
					"$(LIBRARY_SEARCH_PATHS_QUOTED_FOR_TARGET_46)",
					"$(LIBRARY_SEARCH_PATHS_QUOTED_FOR_TARGET_47)",
					"$(LIBRARY_SEARCH_PATHS_QUOTED_FOR_TARGET_48)",
					"$(LIBRARY_SEARCH_PATHS_QUOTED_FOR_TARGET_49)",
					"$(LIBRARY_SEARCH_PATHS_QUOTED_FOR_TARGET_50)",
					"$(LIBRARY_SEARCH_PATHS_QUOTED_FOR_TARGET_51)",
					"$(LIBRARY_SEARCH_PATHS_QUOTED_FOR_TARGET_52)",
				);
				PRODUCT_NAME = beatStation;
				SDKROOT = macosx10.6;
				WRAPPER_EXTENSION = app;
			};
			name = Debug;
		};
		E4B69B610A3A1757003C02F2 /* Release */ = {
			isa = XCBuildConfiguration;
			buildSettings = {
				COPY_PHASE_STRIP = YES;
				FRAMEWORK_SEARCH_PATHS = (
					"$(inherited)",
					"$(FRAMEWORK_SEARCH_PATHS_QUOTED_FOR_TARGET_1)",
				);
				FRAMEWORK_SEARCH_PATHS_QUOTED_FOR_TARGET_1 = "\"$(SRCROOT)/../../../libs/glut/lib/osx\"";
				GCC_GENERATE_DEBUGGING_SYMBOLS = NO;
				GCC_MODEL_TUNING = G4;
				GCC_PRECOMPILE_PREFIX_HEADER = YES;
				GCC_PREFIX_HEADER = "$(SYSTEM_LIBRARY_DIR)/Frameworks/Carbon.framework/Headers/Carbon.h";
				INFOPLIST_FILE = "openFrameworks-Info.plist";
				INSTALL_PATH = "$(HOME)/Applications";
				LIBRARY_SEARCH_PATHS = (
					"$(inherited)",
					"$(LIBRARY_SEARCH_PATHS_QUOTED_FOR_TARGET_1)",
					"$(LIBRARY_SEARCH_PATHS_QUOTED_FOR_TARGET_2)",
					"$(LIBRARY_SEARCH_PATHS_QUOTED_FOR_TARGET_3)",
					"$(LIBRARY_SEARCH_PATHS_QUOTED_FOR_TARGET_4)",
					"$(LIBRARY_SEARCH_PATHS_QUOTED_FOR_TARGET_5)",
					"$(LIBRARY_SEARCH_PATHS_QUOTED_FOR_TARGET_6)",
					"$(LIBRARY_SEARCH_PATHS_QUOTED_FOR_TARGET_7)",
					"$(LIBRARY_SEARCH_PATHS_QUOTED_FOR_TARGET_8)",
					"$(LIBRARY_SEARCH_PATHS_QUOTED_FOR_TARGET_9)",
					"$(LIBRARY_SEARCH_PATHS_QUOTED_FOR_TARGET_10)",
					"$(LIBRARY_SEARCH_PATHS_QUOTED_FOR_TARGET_11)",
					"$(LIBRARY_SEARCH_PATHS_QUOTED_FOR_TARGET_12)",
					"$(LIBRARY_SEARCH_PATHS_QUOTED_FOR_TARGET_13)",
					"$(LIBRARY_SEARCH_PATHS_QUOTED_FOR_TARGET_14)",
					"$(LIBRARY_SEARCH_PATHS_QUOTED_FOR_TARGET_15)",
					"$(LIBRARY_SEARCH_PATHS_QUOTED_FOR_TARGET_2)",
					"$(LIBRARY_SEARCH_PATHS_QUOTED_1)",
					"$(LIBRARY_SEARCH_PATHS_QUOTED_FOR_TARGET_3)",
					"$(LIBRARY_SEARCH_PATHS_QUOTED_FOR_TARGET_7)",
					"$(LIBRARY_SEARCH_PATHS_QUOTED_FOR_TARGET_8)",
					"$(LIBRARY_SEARCH_PATHS_QUOTED_FOR_TARGET_9)",
					"$(LIBRARY_SEARCH_PATHS_QUOTED_FOR_TARGET_10)",
					"$(LIBRARY_SEARCH_PATHS_QUOTED_FOR_TARGET_11)",
					"$(LIBRARY_SEARCH_PATHS_QUOTED_FOR_TARGET_12)",
					"$(LIBRARY_SEARCH_PATHS_QUOTED_FOR_TARGET_13)",
					"$(LIBRARY_SEARCH_PATHS_QUOTED_FOR_TARGET_16)",
					"$(LIBRARY_SEARCH_PATHS_QUOTED_FOR_TARGET_17)",
					"$(LIBRARY_SEARCH_PATHS_QUOTED_FOR_TARGET_18)",
					"$(LIBRARY_SEARCH_PATHS_QUOTED_FOR_TARGET_19)",
					"$(LIBRARY_SEARCH_PATHS_QUOTED_FOR_TARGET_20)",
					"$(LIBRARY_SEARCH_PATHS_QUOTED_FOR_TARGET_21)",
					"$(LIBRARY_SEARCH_PATHS_QUOTED_FOR_TARGET_22)",
					"$(LIBRARY_SEARCH_PATHS_QUOTED_FOR_TARGET_23)",
					"$(LIBRARY_SEARCH_PATHS_QUOTED_FOR_TARGET_24)",
					"$(LIBRARY_SEARCH_PATHS_QUOTED_FOR_TARGET_25)",
					"$(LIBRARY_SEARCH_PATHS_QUOTED_FOR_TARGET_26)",
					"$(LIBRARY_SEARCH_PATHS_QUOTED_FOR_TARGET_27)",
					"$(LIBRARY_SEARCH_PATHS_QUOTED_FOR_TARGET_28)",
					"$(LIBRARY_SEARCH_PATHS_QUOTED_FOR_TARGET_29)",
					"$(LIBRARY_SEARCH_PATHS_QUOTED_FOR_TARGET_30)",
					"$(LIBRARY_SEARCH_PATHS_QUOTED_FOR_TARGET_31)",
					"$(LIBRARY_SEARCH_PATHS_QUOTED_FOR_TARGET_32)",
					"$(LIBRARY_SEARCH_PATHS_QUOTED_FOR_TARGET_33)",
					"$(LIBRARY_SEARCH_PATHS_QUOTED_FOR_TARGET_34)",
					"$(LIBRARY_SEARCH_PATHS_QUOTED_FOR_TARGET_35)",
					"$(LIBRARY_SEARCH_PATHS_QUOTED_FOR_TARGET_36)",
					"$(LIBRARY_SEARCH_PATHS_QUOTED_FOR_TARGET_37)",
					"$(LIBRARY_SEARCH_PATHS_QUOTED_FOR_TARGET_38)",
					"$(LIBRARY_SEARCH_PATHS_QUOTED_FOR_TARGET_39)",
					"$(LIBRARY_SEARCH_PATHS_QUOTED_FOR_TARGET_40)",
					"$(LIBRARY_SEARCH_PATHS_QUOTED_FOR_TARGET_41)",
					"$(LIBRARY_SEARCH_PATHS_QUOTED_FOR_TARGET_42)",
					"$(LIBRARY_SEARCH_PATHS_QUOTED_FOR_TARGET_43)",
					"$(LIBRARY_SEARCH_PATHS_QUOTED_FOR_TARGET_44)",
					"$(LIBRARY_SEARCH_PATHS_QUOTED_FOR_TARGET_45)",
					"$(LIBRARY_SEARCH_PATHS_QUOTED_FOR_TARGET_46)",
					"$(LIBRARY_SEARCH_PATHS_QUOTED_FOR_TARGET_47)",
					"$(LIBRARY_SEARCH_PATHS_QUOTED_FOR_TARGET_48)",
					"$(LIBRARY_SEARCH_PATHS_QUOTED_FOR_TARGET_49)",
					"$(LIBRARY_SEARCH_PATHS_QUOTED_FOR_TARGET_50)",
					"$(LIBRARY_SEARCH_PATHS_QUOTED_FOR_TARGET_51)",
				);
				PRODUCT_NAME = beatStation;
				SDKROOT = macosx10.6;
				WRAPPER_EXTENSION = app;
			};
			name = Release;
		};
/* End XCBuildConfiguration section */

/* Begin XCConfigurationList section */
		E4B69B4D0A3A1720003C02F2 /* Build configuration list for PBXProject "beatStation" */ = {
			isa = XCConfigurationList;
			buildConfigurations = (
				E4B69B4E0A3A1720003C02F2 /* Debug */,
				E4B69B4F0A3A1720003C02F2 /* Release */,
			);
			defaultConfigurationIsVisible = 0;
			defaultConfigurationName = Release;
		};
		E4B69B5F0A3A1757003C02F2 /* Build configuration list for PBXNativeTarget "beatStation" */ = {
			isa = XCConfigurationList;
			buildConfigurations = (
				E4B69B600A3A1757003C02F2 /* Debug */,
				E4B69B610A3A1757003C02F2 /* Release */,
			);
			defaultConfigurationIsVisible = 0;
			defaultConfigurationName = Release;
		};
/* End XCConfigurationList section */
	};
	rootObject = E4B69B4C0A3A1720003C02F2 /* Project object */;
}
